
Microsoft Visual Studio Solution File, Format Version 12.00
# Visual Studio 15
VisualStudioVersion = 15.0.28307.136
MinimumVisualStudioVersion = 10.0.40219.1
Project("{9A19103F-16F7-4668-BE54-9A1E7A4F7556}") = "DFS.API", "DFS\DFS.API.csproj", "{4C24E2C0-5ED3-484B-8EAA-B9FF33E0FE17}"
EndProject
Project("{9A19103F-16F7-4668-BE54-9A1E7A4F7556}") = "DFS.Domain", "DFS.Domain\DFS.Domain.csproj", "{279A6487-50F9-4BA0-9DB9-E0C5882B1958}"
EndProject
Project("{9A19103F-16F7-4668-BE54-9A1E7A4F7556}") = "DFS.DataEFCore", "DFS.DataEFCore\DFS.DataEFCore.csproj", "{0564935C-161B-442E-8EFF-E0CF48FA998D}"
EndProject
Project("{9A19103F-16F7-4668-BE54-9A1E7A4F7556}") = "DFS.DataDapper", "DFS.DataDapper\DFS.DataDapper.csproj", "{D5338EE6-4381-4F4C-8808-19893B659428}"
EndProject
Project("{9A19103F-16F7-4668-BE54-9A1E7A4F7556}") = "DFS.MockData", "DFS.MockData\DFS.MockData.csproj", "{FE33E21D-7823-4B3A-B0EC-5CE52220A07F}"
EndProject
Project("{9A19103F-16F7-4668-BE54-9A1E7A4F7556}") = "DFS.UnitTest", "DFS.UnitTest\DFS.UnitTest.csproj", "{C0DB97B0-0E38-42D2-9025-CE5BBF5B3004}"
EndProject
Project("{9A19103F-16F7-4668-BE54-9A1E7A4F7556}") = "DFS.DataEFCoreMySQL", "DFS.DataEFCoreMySQL\DFS.DataEFCoreMySQL.csproj", "{A3C158FC-3F06-43D3-83C7-D8F35D6F93B5}"
EndProject
Project("{2150E333-8FDC-42A3-9474-1A3956D46DE8}") = "Src", "Src", "{B3967E0B-9A29-4D9A-8AB0-4A6A152E142B}"
EndProject
Project("{2150E333-8FDC-42A3-9474-1A3956D46DE8}") = "test", "test", "{E77E1A47-5AC2-405E-8C22-9E42190B1EB6}"
EndProject
Project("{2150E333-8FDC-42A3-9474-1A3956D46DE8}") = "webapi", "webapi", "{7A6941F0-3DDB-43C2-BF7B-40F58E0B0E66}"
EndProject
Project("{2150E333-8FDC-42A3-9474-1A3956D46DE8}") = "Third", "Third", "{E005D6F5-A184-4DCF-BA50-C3929E7DFED0}"
EndProject
Project("{9A19103F-16F7-4668-BE54-9A1E7A4F7556}") = "DFS.CacheRedis", "DFS.CacheRedis\DFS.CacheRedis.csproj", "{A9D3A420-65F7-4959-8C9D-4EE714F5149A}"
EndProject
Project("{9A19103F-16F7-4668-BE54-9A1E7A4F7556}") = "FastDFS", "FastDFS\FastDFS.csproj", "{D838376E-7639-484C-B01F-354F58A036AE}"
EndProject
Project("{9A19103F-16F7-4668-BE54-9A1E7A4F7556}") = "FastDFS.Test", "FastDFS.Test\FastDFS.Test.csproj", "{C27E437A-D514-4CB3-9840-14F0FCFD7508}"
EndProject
Global
	GlobalSection(SolutionConfigurationPlatforms) = preSolution
		Debug|Any CPU = Debug|Any CPU
		Release|Any CPU = Release|Any CPU
	EndGlobalSection
	GlobalSection(ProjectConfigurationPlatforms) = postSolution
		{4C24E2C0-5ED3-484B-8EAA-B9FF33E0FE17}.Debug|Any CPU.ActiveCfg = Debug|Any CPU
		{4C24E2C0-5ED3-484B-8EAA-B9FF33E0FE17}.Debug|Any CPU.Build.0 = Debug|Any CPU
		{4C24E2C0-5ED3-484B-8EAA-B9FF33E0FE17}.Release|Any CPU.ActiveCfg = Release|Any CPU
		{4C24E2C0-5ED3-484B-8EAA-B9FF33E0FE17}.Release|Any CPU.Build.0 = Release|Any CPU
		{279A6487-50F9-4BA0-9DB9-E0C5882B1958}.Debug|Any CPU.ActiveCfg = Debug|Any CPU
		{279A6487-50F9-4BA0-9DB9-E0C5882B1958}.Debug|Any CPU.Build.0 = Debug|Any CPU
		{279A6487-50F9-4BA0-9DB9-E0C5882B1958}.Release|Any CPU.ActiveCfg = Release|Any CPU
		{279A6487-50F9-4BA0-9DB9-E0C5882B1958}.Release|Any CPU.Build.0 = Release|Any CPU
		{0564935C-161B-442E-8EFF-E0CF48FA998D}.Debug|Any CPU.ActiveCfg = Debug|Any CPU
		{0564935C-161B-442E-8EFF-E0CF48FA998D}.Debug|Any CPU.Build.0 = Debug|Any CPU
		{0564935C-161B-442E-8EFF-E0CF48FA998D}.Release|Any CPU.ActiveCfg = Release|Any CPU
		{0564935C-161B-442E-8EFF-E0CF48FA998D}.Release|Any CPU.Build.0 = Release|Any CPU
		{D5338EE6-4381-4F4C-8808-19893B659428}.Debug|Any CPU.ActiveCfg = Debug|Any CPU
		{D5338EE6-4381-4F4C-8808-19893B659428}.Debug|Any CPU.Build.0 = Debug|Any CPU
		{D5338EE6-4381-4F4C-8808-19893B659428}.Release|Any CPU.ActiveCfg = Release|Any CPU
		{D5338EE6-4381-4F4C-8808-19893B659428}.Release|Any CPU.Build.0 = Release|Any CPU
		{FE33E21D-7823-4B3A-B0EC-5CE52220A07F}.Debug|Any CPU.ActiveCfg = Debug|Any CPU
		{FE33E21D-7823-4B3A-B0EC-5CE52220A07F}.Debug|Any CPU.Build.0 = Debug|Any CPU
		{FE33E21D-7823-4B3A-B0EC-5CE52220A07F}.Release|Any CPU.ActiveCfg = Release|Any CPU
		{FE33E21D-7823-4B3A-B0EC-5CE52220A07F}.Release|Any CPU.Build.0 = Release|Any CPU
		{C0DB97B0-0E38-42D2-9025-CE5BBF5B3004}.Debug|Any CPU.ActiveCfg = Debug|Any CPU
		{C0DB97B0-0E38-42D2-9025-CE5BBF5B3004}.Debug|Any CPU.Build.0 = Debug|Any CPU
		{C0DB97B0-0E38-42D2-9025-CE5BBF5B3004}.Release|Any CPU.ActiveCfg = Release|Any CPU
		{C0DB97B0-0E38-42D2-9025-CE5BBF5B3004}.Release|Any CPU.Build.0 = Release|Any CPU
		{A3C158FC-3F06-43D3-83C7-D8F35D6F93B5}.Debug|Any CPU.ActiveCfg = Debug|Any CPU
		{A3C158FC-3F06-43D3-83C7-D8F35D6F93B5}.Debug|Any CPU.Build.0 = Debug|Any CPU
		{A3C158FC-3F06-43D3-83C7-D8F35D6F93B5}.Release|Any CPU.ActiveCfg = Release|Any CPU
		{A3C158FC-3F06-43D3-83C7-D8F35D6F93B5}.Release|Any CPU.Build.0 = Release|Any CPU
		{A9D3A420-65F7-4959-8C9D-4EE714F5149A}.Debug|Any CPU.ActiveCfg = Debug|Any CPU
		{A9D3A420-65F7-4959-8C9D-4EE714F5149A}.Debug|Any CPU.Build.0 = Debug|Any CPU
		{A9D3A420-65F7-4959-8C9D-4EE714F5149A}.Release|Any CPU.ActiveCfg = Release|Any CPU
		{A9D3A420-65F7-4959-8C9D-4EE714F5149A}.Release|Any CPU.Build.0 = Release|Any CPU
		{D838376E-7639-484C-B01F-354F58A036AE}.Debug|Any CPU.ActiveCfg = Debug|Any CPU
		{D838376E-7639-484C-B01F-354F58A036AE}.Debug|Any CPU.Build.0 = Debug|Any CPU
		{D838376E-7639-484C-B01F-354F58A036AE}.Release|Any CPU.ActiveCfg = Release|Any CPU
		{D838376E-7639-484C-B01F-354F58A036AE}.Release|Any CPU.Build.0 = Release|Any CPU
		{C27E437A-D514-4CB3-9840-14F0FCFD7508}.Debug|Any CPU.ActiveCfg = Debug|Any CPU
		{C27E437A-D514-4CB3-9840-14F0FCFD7508}.Debug|Any CPU.Build.0 = Debug|Any CPU
		{C27E437A-D514-4CB3-9840-14F0FCFD7508}.Release|Any CPU.ActiveCfg = Release|Any CPU
		{C27E437A-D514-4CB3-9840-14F0FCFD7508}.Release|Any CPU.Build.0 = Release|Any CPU
	EndGlobalSection
	GlobalSection(SolutionProperties) = preSolution
		HideSolutionNode = FALSE
	EndGlobalSection
	GlobalSection(NestedProjects) = preSolution
		{4C24E2C0-5ED3-484B-8EAA-B9FF33E0FE17} = {7A6941F0-3DDB-43C2-BF7B-40F58E0B0E66}
		{279A6487-50F9-4BA0-9DB9-E0C5882B1958} = {B3967E0B-9A29-4D9A-8AB0-4A6A152E142B}
		{0564935C-161B-442E-8EFF-E0CF48FA998D} = {B3967E0B-9A29-4D9A-8AB0-4A6A152E142B}
		{D5338EE6-4381-4F4C-8808-19893B659428} = {B3967E0B-9A29-4D9A-8AB0-4A6A152E142B}
		{FE33E21D-7823-4B3A-B0EC-5CE52220A07F} = {E77E1A47-5AC2-405E-8C22-9E42190B1EB6}
		{C0DB97B0-0E38-42D2-9025-CE5BBF5B3004} = {E77E1A47-5AC2-405E-8C22-9E42190B1EB6}
		{A3C158FC-3F06-43D3-83C7-D8F35D6F93B5} = {B3967E0B-9A29-4D9A-8AB0-4A6A152E142B}
		{A9D3A420-65F7-4959-8C9D-4EE714F5149A} = {B3967E0B-9A29-4D9A-8AB0-4A6A152E142B}
		{D838376E-7639-484C-B01F-354F58A036AE} = {E005D6F5-A184-4DCF-BA50-C3929E7DFED0}
		{C27E437A-D514-4CB3-9840-14F0FCFD7508} = {E005D6F5-A184-4DCF-BA50-C3929E7DFED0}
	EndGlobalSection
	GlobalSection(ExtensibilityGlobals) = postSolution
		SolutionGuid = {F52AA0FC-CC1C-486C-8BF4-2D1539DFCBC3}
	EndGlobalSection
EndGlobal
