
Microsoft Visual Studio Solution File, Format Version 12.00
# Visual Studio 15
VisualStudioVersion = 15.0.28307.136
MinimumVisualStudioVersion = 10.0.40219.1
Project("{FAE04EC0-301F-11D3-BF4B-00C04F79EFBC}") = "DFS", "DFS\DFS.csproj", "{4C24E2C0-5ED3-484B-8EAA-B9FF33E0FE17}"
EndProject
Global
	GlobalSection(SolutionConfigurationPlatforms) = preSolution
		Debug|Any CPU = Debug|Any CPU
		Release|Any CPU = Release|Any CPU
	EndGlobalSection
	GlobalSection(ProjectConfigurationPlatforms) = postSolution
		{4C24E2C0-5ED3-484B-8EAA-B9FF33E0FE17}.Debug|Any CPU.ActiveCfg = Debug|Any CPU
		{4C24E2C0-5ED3-484B-8EAA-B9FF33E0FE17}.Debug|Any CPU.Build.0 = Debug|Any CPU
		{4C24E2C0-5ED3-484B-8EAA-B9FF33E0FE17}.Release|Any CPU.ActiveCfg = Release|Any CPU
		{4C24E2C0-5ED3-484B-8EAA-B9FF33E0FE17}.Release|Any CPU.Build.0 = Release|Any CPU
	EndGlobalSection
	GlobalSection(SolutionProperties) = preSolution
		HideSolutionNode = FALSE
	EndGlobalSection
	GlobalSection(ExtensibilityGlobals) = postSolution
		SolutionGuid = {F52AA0FC-CC1C-486C-8BF4-2D1539DFCBC3}
	EndGlobalSection
EndGlobal
